# Code generated by scarb DO NOT EDIT.
version = 1

[[package]]
name = "battleship"
version = "1.0.0"
dependencies = [
 "dojo",
 "dojo_cairo_macros",
 "openzeppelin",
]

[[package]]
name = "dojo"
version = "1.7.1"
source = "registry+https://scarbs.xyz/"
checksum = "sha256:b792d9c526269f5265dd89f063da5db8daebb461f2dec2cdb712f420187b39a8"
dependencies = [
 "dojo_cairo_macros",
]

[[package]]
name = "dojo_cairo_macros"
version = "1.7.1"
source = "registry+https://scarbs.xyz/"
checksum = "sha256:18059a9ac9ec2c0c708baad382728a99970b621b1eaab780fd9a8ec2dc975c98"

[[package]]
name = "openzeppelin"
version = "0.20.0"
source = "git+https://github.com/OpenZeppelin/cairo-contracts.git?tag=v0.20.0#7756fd1de2b4ebd239fa6e372d75535cea02e5e5"
dependencies = [
 "openzeppelin_access",
 "openzeppelin_account",
 "openzeppelin_finance",
 "openzeppelin_governance",
 "openzeppelin_introspection",
 "openzeppelin_merkle_tree",
 "openzeppelin_presets",
 "openzeppelin_security",
 "openzeppelin_token",
 "openzeppelin_upgrades",
 "openzeppelin_utils",
]

[[package]]
name = "openzeppelin_access"
version = "0.20.0"
source = "git+https://github.com/OpenZeppelin/cairo-contracts.git?tag=v0.20.0#7756fd1de2b4ebd239fa6e372d75535cea02e5e5"
dependencies = [
 "openzeppelin_introspection",
]

[[package]]
name = "openzeppelin_account"
version = "0.20.0"
source = "git+https://github.com/OpenZeppelin/cairo-contracts.git?tag=v0.20.0#7756fd1de2b4ebd239fa6e372d75535cea02e5e5"
dependencies = [
 "openzeppelin_introspection",
 "openzeppelin_utils",
]

[[package]]
name = "openzeppelin_finance"
version = "0.20.0"
source = "git+https://github.com/OpenZeppelin/cairo-contracts.git?tag=v0.20.0#7756fd1de2b4ebd239fa6e372d75535cea02e5e5"
dependencies = [
 "openzeppelin_access",
 "openzeppelin_token",
]

[[package]]
name = "openzeppelin_governance"
version = "0.20.0"
source = "git+https://github.com/OpenZeppelin/cairo-contracts.git?tag=v0.20.0#7756fd1de2b4ebd239fa6e372d75535cea02e5e5"
dependencies = [
 "openzeppelin_access",
 "openzeppelin_account",
 "openzeppelin_introspection",
 "openzeppelin_token",
 "openzeppelin_utils",
]

[[package]]
name = "openzeppelin_introspection"
version = "0.20.0"
source = "git+https://github.com/OpenZeppelin/cairo-contracts.git?tag=v0.20.0#7756fd1de2b4ebd239fa6e372d75535cea02e5e5"

[[package]]
name = "openzeppelin_merkle_tree"
version = "0.20.0"
source = "git+https://github.com/OpenZeppelin/cairo-contracts.git?tag=v0.20.0#7756fd1de2b4ebd239fa6e372d75535cea02e5e5"

[[package]]
name = "openzeppelin_presets"
version = "0.20.0"
source = "git+https://github.com/OpenZeppelin/cairo-contracts.git?tag=v0.20.0#7756fd1de2b4ebd239fa6e372d75535cea02e5e5"
dependencies = [
 "openzeppelin_access",
 "openzeppelin_account",
 "openzeppelin_finance",
 "openzeppelin_introspection",
 "openzeppelin_token",
 "openzeppelin_upgrades",
 "openzeppelin_utils",
]

[[package]]
name = "openzeppelin_security"
version = "0.20.0"
source = "git+https://github.com/OpenZeppelin/cairo-contracts.git?tag=v0.20.0#7756fd1de2b4ebd239fa6e372d75535cea02e5e5"

[[package]]
name = "openzeppelin_token"
version = "0.20.0"
source = "git+https://github.com/OpenZeppelin/cairo-contracts.git?tag=v0.20.0#7756fd1de2b4ebd239fa6e372d75535cea02e5e5"
dependencies = [
 "openzeppelin_access",
 "openzeppelin_account",
 "openzeppelin_introspection",
 "openzeppelin_utils",
]

[[package]]
name = "openzeppelin_upgrades"
version = "0.20.0"
source = "git+https://github.com/OpenZeppelin/cairo-contracts.git?tag=v0.20.0#7756fd1de2b4ebd239fa6e372d75535cea02e5e5"

[[package]]
name = "openzeppelin_utils"
version = "0.20.0"
source = "git+https://github.com/OpenZeppelin/cairo-contracts.git?tag=v0.20.0#7756fd1de2b4ebd239fa6e372d75535cea02e5e5"
